
Microsoft Visual Studio Solution File, Format Version 12.00
# Visual Studio 2012
Project("{FAE04EC0-301F-11D3-BF4B-00C04F79EFBC}") = "FirstCoreAppn", "FirstCoreAppn\FirstCoreAppn.csproj", "{A7FEF4D9-7BC7-40DF-918A-26A927E49780}"
EndProject
Global
	GlobalSection(SolutionConfigurationPlatforms) = preSolution
		Debug|Any CPU = Debug|Any CPU
		Release|Any CPU = Release|Any CPU
	EndGlobalSection
	GlobalSection(ProjectConfigurationPlatforms) = postSolution
		{A7FEF4D9-7BC7-40DF-918A-26A927E49780}.Debug|Any CPU.ActiveCfg = Debug|Any CPU
		{A7FEF4D9-7BC7-40DF-918A-26A927E49780}.Debug|Any CPU.Build.0 = Debug|Any CPU
		{A7FEF4D9-7BC7-40DF-918A-26A927E49780}.Release|Any CPU.ActiveCfg = Release|Any CPU
		{A7FEF4D9-7BC7-40DF-918A-26A927E49780}.Release|Any CPU.Build.0 = Release|Any CPU
	EndGlobalSection
EndGlobal
